
Microsoft Visual Studio Solution File, Format Version 12.00
# Visual Studio Version 17
VisualStudioVersion = 17.11.35208.52
MinimumVisualStudioVersion = 10.0.40219.1
Project("{9A19103F-16F7-4668-BE54-9A1E7A4F7556}") = "ConsoleApp_01", "ConsoleApp_01\ConsoleApp_01.csproj", "{2559A704-446D-4E91-9327-8DAFFA42BC57}"
EndProject
Project("{FAE04EC0-301F-11D3-BF4B-00C04F79EFBC}") = "methods and functions", "..\methods and functions\methods and functions.csproj", "{03262848-4DB8-4328-8427-73195A948FBD}"
EndProject
Global
	GlobalSection(SolutionConfigurationPlatforms) = preSolution
		Debug|Any CPU = Debug|Any CPU
		Release|Any CPU = Release|Any CPU
	EndGlobalSection
	GlobalSection(ProjectConfigurationPlatforms) = postSolution
		{2559A704-446D-4E91-9327-8DAFFA42BC57}.Debug|Any CPU.ActiveCfg = Debug|Any CPU
		{2559A704-446D-4E91-9327-8DAFFA42BC57}.Debug|Any CPU.Build.0 = Debug|Any CPU
		{2559A704-446D-4E91-9327-8DAFFA42BC57}.Release|Any CPU.ActiveCfg = Release|Any CPU
		{2559A704-446D-4E91-9327-8DAFFA42BC57}.Release|Any CPU.Build.0 = Release|Any CPU
		{03262848-4DB8-4328-8427-73195A948FBD}.Debug|Any CPU.ActiveCfg = Debug|Any CPU
		{03262848-4DB8-4328-8427-73195A948FBD}.Debug|Any CPU.Build.0 = Debug|Any CPU
		{03262848-4DB8-4328-8427-73195A948FBD}.Release|Any CPU.ActiveCfg = Release|Any CPU
		{03262848-4DB8-4328-8427-73195A948FBD}.Release|Any CPU.Build.0 = Release|Any CPU
	EndGlobalSection
	GlobalSection(SolutionProperties) = preSolution
		HideSolutionNode = FALSE
	EndGlobalSection
	GlobalSection(ExtensibilityGlobals) = postSolution
		SolutionGuid = {488302BC-DB70-435E-9E0C-B34C278BBD0F}
	EndGlobalSection
EndGlobal
