
Microsoft Visual Studio Solution File, Format Version 12.00
# Visual Studio Version 17
VisualStudioVersion = 17.11.35208.52
MinimumVisualStudioVersion = 10.0.40219.1
Project("{FAE04EC0-301F-11D3-BF4B-00C04F79EFBC}") = "Loops", "Loops\Loops.csproj", "{BE31AE18-7274-46FB-80A5-C281C9E97701}"
EndProject
Global
	GlobalSection(SolutionConfigurationPlatforms) = preSolution
		Debug|Any CPU = Debug|Any CPU
		Release|Any CPU = Release|Any CPU
	EndGlobalSection
	GlobalSection(ProjectConfigurationPlatforms) = postSolution
		{BE31AE18-7274-46FB-80A5-C281C9E97701}.Debug|Any CPU.ActiveCfg = Debug|Any CPU
		{BE31AE18-7274-46FB-80A5-C281C9E97701}.Debug|Any CPU.Build.0 = Debug|Any CPU
		{BE31AE18-7274-46FB-80A5-C281C9E97701}.Release|Any CPU.ActiveCfg = Release|Any CPU
		{BE31AE18-7274-46FB-80A5-C281C9E97701}.Release|Any CPU.Build.0 = Release|Any CPU
	EndGlobalSection
	GlobalSection(SolutionProperties) = preSolution
		HideSolutionNode = FALSE
	EndGlobalSection
	GlobalSection(ExtensibilityGlobals) = postSolution
		SolutionGuid = {94635A99-2364-4165-982C-29CAD434EAB9}
	EndGlobalSection
EndGlobal
